
Microsoft Visual Studio Solution File, Format Version 12.00
# Visual Studio Version 16
VisualStudioVersion = 16.0.30002.166
MinimumVisualStudioVersion = 10.0.40219.1
Project("{9A19103F-16F7-4668-BE54-9A1E7A4F7556}") = "PNN.Common", "PNN.Common\PNN.Common.csproj", "{258BA08F-09EB-4D7F-A855-C74DC065DD91}"
EndProject
Project("{9A19103F-16F7-4668-BE54-9A1E7A4F7556}") = "PNN.Web", "PNN.Web\PNN.Web.csproj", "{A2997044-CEFB-4627-A8FC-FF884C47BADA}"
EndProject
Project("{9A19103F-16F7-4668-BE54-9A1E7A4F7556}") = "PNN.Prism", "PNN.Prism\PNN.Prism\PNN.Prism.csproj", "{7DBD3459-F733-4B70-B3E1-D37741A5D616}"
EndProject
Project("{FAE04EC0-301F-11D3-BF4B-00C04F79EFBC}") = "PNN.Prism.Android", "PNN.Prism\PNN.Prism.Android\PNN.Prism.Android.csproj", "{7493234A-2EDF-4F47-9292-1A15818063BA}"
EndProject
Project("{FAE04EC0-301F-11D3-BF4B-00C04F79EFBC}") = "PNN.Prism.iOS", "PNN.Prism\PNN.Prism.iOS\PNN.Prism.iOS.csproj", "{96ABF373-EA63-4917-8C34-ED921CB52F24}"
EndProject
Project("{FAE04EC0-301F-11D3-BF4B-00C04F79EFBC}") = "PNN.Prism.UWP", "PNN.Prism\PNN.Prism.UWP\PNN.Prism.UWP.csproj", "{CA784C7C-C9B8-46A1-9096-0A15C56A320B}"
EndProject
Global
	GlobalSection(SolutionConfigurationPlatforms) = preSolution
		Ad-Hoc|Any CPU = Ad-Hoc|Any CPU
		Ad-Hoc|ARM = Ad-Hoc|ARM
		Ad-Hoc|iPhone = Ad-Hoc|iPhone
		Ad-Hoc|iPhoneSimulator = Ad-Hoc|iPhoneSimulator
		Ad-Hoc|x64 = Ad-Hoc|x64
		Ad-Hoc|x86 = Ad-Hoc|x86
		AppStore|Any CPU = AppStore|Any CPU
		AppStore|ARM = AppStore|ARM
		AppStore|iPhone = AppStore|iPhone
		AppStore|iPhoneSimulator = AppStore|iPhoneSimulator
		AppStore|x64 = AppStore|x64
		AppStore|x86 = AppStore|x86
		Debug|Any CPU = Debug|Any CPU
		Debug|ARM = Debug|ARM
		Debug|iPhone = Debug|iPhone
		Debug|iPhoneSimulator = Debug|iPhoneSimulator
		Debug|x64 = Debug|x64
		Debug|x86 = Debug|x86
		Release|Any CPU = Release|Any CPU
		Release|ARM = Release|ARM
		Release|iPhone = Release|iPhone
		Release|iPhoneSimulator = Release|iPhoneSimulator
		Release|x64 = Release|x64
		Release|x86 = Release|x86
	EndGlobalSection
	GlobalSection(ProjectConfigurationPlatforms) = postSolution
		{258BA08F-09EB-4D7F-A855-C74DC065DD91}.Ad-Hoc|Any CPU.ActiveCfg = Release|Any CPU
		{258BA08F-09EB-4D7F-A855-C74DC065DD91}.Ad-Hoc|Any CPU.Build.0 = Release|Any CPU
		{258BA08F-09EB-4D7F-A855-C74DC065DD91}.Ad-Hoc|ARM.ActiveCfg = Release|Any CPU
		{258BA08F-09EB-4D7F-A855-C74DC065DD91}.Ad-Hoc|ARM.Build.0 = Release|Any CPU
		{258BA08F-09EB-4D7F-A855-C74DC065DD91}.Ad-Hoc|iPhone.ActiveCfg = Release|Any CPU
		{258BA08F-09EB-4D7F-A855-C74DC065DD91}.Ad-Hoc|iPhone.Build.0 = Release|Any CPU
		{258BA08F-09EB-4D7F-A855-C74DC065DD91}.Ad-Hoc|iPhoneSimulator.ActiveCfg = Release|Any CPU
		{258BA08F-09EB-4D7F-A855-C74DC065DD91}.Ad-Hoc|iPhoneSimulator.Build.0 = Release|Any CPU
		{258BA08F-09EB-4D7F-A855-C74DC065DD91}.Ad-Hoc|x64.ActiveCfg = Release|Any CPU
		{258BA08F-09EB-4D7F-A855-C74DC065DD91}.Ad-Hoc|x64.Build.0 = Release|Any CPU
		{258BA08F-09EB-4D7F-A855-C74DC065DD91}.Ad-Hoc|x86.ActiveCfg = Release|Any CPU
		{258BA08F-09EB-4D7F-A855-C74DC065DD91}.Ad-Hoc|x86.Build.0 = Release|Any CPU
		{258BA08F-09EB-4D7F-A855-C74DC065DD91}.AppStore|Any CPU.ActiveCfg = Release|Any CPU
		{258BA08F-09EB-4D7F-A855-C74DC065DD91}.AppStore|Any CPU.Build.0 = Release|Any CPU
		{258BA08F-09EB-4D7F-A855-C74DC065DD91}.AppStore|ARM.ActiveCfg = Release|Any CPU
		{258BA08F-09EB-4D7F-A855-C74DC065DD91}.AppStore|ARM.Build.0 = Release|Any CPU
		{258BA08F-09EB-4D7F-A855-C74DC065DD91}.AppStore|iPhone.ActiveCfg = Release|Any CPU
		{258BA08F-09EB-4D7F-A855-C74DC065DD91}.AppStore|iPhone.Build.0 = Release|Any CPU
		{258BA08F-09EB-4D7F-A855-C74DC065DD91}.AppStore|iPhoneSimulator.ActiveCfg = Release|Any CPU
		{258BA08F-09EB-4D7F-A855-C74DC065DD91}.AppStore|iPhoneSimulator.Build.0 = Release|Any CPU
		{258BA08F-09EB-4D7F-A855-C74DC065DD91}.AppStore|x64.ActiveCfg = Release|Any CPU
		{258BA08F-09EB-4D7F-A855-C74DC065DD91}.AppStore|x64.Build.0 = Release|Any CPU
		{258BA08F-09EB-4D7F-A855-C74DC065DD91}.AppStore|x86.ActiveCfg = Release|Any CPU
		{258BA08F-09EB-4D7F-A855-C74DC065DD91}.AppStore|x86.Build.0 = Release|Any CPU
		{258BA08F-09EB-4D7F-A855-C74DC065DD91}.Debug|Any CPU.ActiveCfg = Debug|Any CPU
		{258BA08F-09EB-4D7F-A855-C74DC065DD91}.Debug|Any CPU.Build.0 = Debug|Any CPU
		{258BA08F-09EB-4D7F-A855-C74DC065DD91}.Debug|ARM.ActiveCfg = Debug|Any CPU
		{258BA08F-09EB-4D7F-A855-C74DC065DD91}.Debug|ARM.Build.0 = Debug|Any CPU
		{258BA08F-09EB-4D7F-A855-C74DC065DD91}.Debug|iPhone.ActiveCfg = Debug|Any CPU
		{258BA08F-09EB-4D7F-A855-C74DC065DD91}.Debug|iPhone.Build.0 = Debug|Any CPU
		{258BA08F-09EB-4D7F-A855-C74DC065DD91}.Debug|iPhoneSimulator.ActiveCfg = Debug|Any CPU
		{258BA08F-09EB-4D7F-A855-C74DC065DD91}.Debug|iPhoneSimulator.Build.0 = Debug|Any CPU
		{258BA08F-09EB-4D7F-A855-C74DC065DD91}.Debug|x64.ActiveCfg = Debug|Any CPU
		{258BA08F-09EB-4D7F-A855-C74DC065DD91}.Debug|x64.Build.0 = Debug|Any CPU
		{258BA08F-09EB-4D7F-A855-C74DC065DD91}.Debug|x86.ActiveCfg = Debug|Any CPU
		{258BA08F-09EB-4D7F-A855-C74DC065DD91}.Debug|x86.Build.0 = Debug|Any CPU
		{258BA08F-09EB-4D7F-A855-C74DC065DD91}.Release|Any CPU.ActiveCfg = Release|Any CPU
		{258BA08F-09EB-4D7F-A855-C74DC065DD91}.Release|Any CPU.Build.0 = Release|Any CPU
		{258BA08F-09EB-4D7F-A855-C74DC065DD91}.Release|ARM.ActiveCfg = Release|Any CPU
		{258BA08F-09EB-4D7F-A855-C74DC065DD91}.Release|ARM.Build.0 = Release|Any CPU
		{258BA08F-09EB-4D7F-A855-C74DC065DD91}.Release|iPhone.ActiveCfg = Release|Any CPU
		{258BA08F-09EB-4D7F-A855-C74DC065DD91}.Release|iPhone.Build.0 = Release|Any CPU
		{258BA08F-09EB-4D7F-A855-C74DC065DD91}.Release|iPhoneSimulator.ActiveCfg = Release|Any CPU
		{258BA08F-09EB-4D7F-A855-C74DC065DD91}.Release|iPhoneSimulator.Build.0 = Release|Any CPU
		{258BA08F-09EB-4D7F-A855-C74DC065DD91}.Release|x64.ActiveCfg = Release|Any CPU
		{258BA08F-09EB-4D7F-A855-C74DC065DD91}.Release|x64.Build.0 = Release|Any CPU
		{258BA08F-09EB-4D7F-A855-C74DC065DD91}.Release|x86.ActiveCfg = Release|Any CPU
		{258BA08F-09EB-4D7F-A855-C74DC065DD91}.Release|x86.Build.0 = Release|Any CPU
		{A2997044-CEFB-4627-A8FC-FF884C47BADA}.Ad-Hoc|Any CPU.ActiveCfg = Release|Any CPU
		{A2997044-CEFB-4627-A8FC-FF884C47BADA}.Ad-Hoc|Any CPU.Build.0 = Release|Any CPU
		{A2997044-CEFB-4627-A8FC-FF884C47BADA}.Ad-Hoc|ARM.ActiveCfg = Release|Any CPU
		{A2997044-CEFB-4627-A8FC-FF884C47BADA}.Ad-Hoc|ARM.Build.0 = Release|Any CPU
		{A2997044-CEFB-4627-A8FC-FF884C47BADA}.Ad-Hoc|iPhone.ActiveCfg = Release|Any CPU
		{A2997044-CEFB-4627-A8FC-FF884C47BADA}.Ad-Hoc|iPhone.Build.0 = Release|Any CPU
		{A2997044-CEFB-4627-A8FC-FF884C47BADA}.Ad-Hoc|iPhoneSimulator.ActiveCfg = Release|Any CPU
		{A2997044-CEFB-4627-A8FC-FF884C47BADA}.Ad-Hoc|iPhoneSimulator.Build.0 = Release|Any CPU
		{A2997044-CEFB-4627-A8FC-FF884C47BADA}.Ad-Hoc|x64.ActiveCfg = Release|Any CPU
		{A2997044-CEFB-4627-A8FC-FF884C47BADA}.Ad-Hoc|x64.Build.0 = Release|Any CPU
		{A2997044-CEFB-4627-A8FC-FF884C47BADA}.Ad-Hoc|x86.ActiveCfg = Release|Any CPU
		{A2997044-CEFB-4627-A8FC-FF884C47BADA}.Ad-Hoc|x86.Build.0 = Release|Any CPU
		{A2997044-CEFB-4627-A8FC-FF884C47BADA}.AppStore|Any CPU.ActiveCfg = Release|Any CPU
		{A2997044-CEFB-4627-A8FC-FF884C47BADA}.AppStore|Any CPU.Build.0 = Release|Any CPU
		{A2997044-CEFB-4627-A8FC-FF884C47BADA}.AppStore|ARM.ActiveCfg = Release|Any CPU
		{A2997044-CEFB-4627-A8FC-FF884C47BADA}.AppStore|ARM.Build.0 = Release|Any CPU
		{A2997044-CEFB-4627-A8FC-FF884C47BADA}.AppStore|iPhone.ActiveCfg = Release|Any CPU
		{A2997044-CEFB-4627-A8FC-FF884C47BADA}.AppStore|iPhone.Build.0 = Release|Any CPU
		{A2997044-CEFB-4627-A8FC-FF884C47BADA}.AppStore|iPhoneSimulator.ActiveCfg = Release|Any CPU
		{A2997044-CEFB-4627-A8FC-FF884C47BADA}.AppStore|iPhoneSimulator.Build.0 = Release|Any CPU
		{A2997044-CEFB-4627-A8FC-FF884C47BADA}.AppStore|x64.ActiveCfg = Release|Any CPU
		{A2997044-CEFB-4627-A8FC-FF884C47BADA}.AppStore|x64.Build.0 = Release|Any CPU
		{A2997044-CEFB-4627-A8FC-FF884C47BADA}.AppStore|x86.ActiveCfg = Release|Any CPU
		{A2997044-CEFB-4627-A8FC-FF884C47BADA}.AppStore|x86.Build.0 = Release|Any CPU
		{A2997044-CEFB-4627-A8FC-FF884C47BADA}.Debug|Any CPU.ActiveCfg = Debug|Any CPU
		{A2997044-CEFB-4627-A8FC-FF884C47BADA}.Debug|Any CPU.Build.0 = Debug|Any CPU
		{A2997044-CEFB-4627-A8FC-FF884C47BADA}.Debug|ARM.ActiveCfg = Debug|Any CPU
		{A2997044-CEFB-4627-A8FC-FF884C47BADA}.Debug|ARM.Build.0 = Debug|Any CPU
		{A2997044-CEFB-4627-A8FC-FF884C47BADA}.Debug|iPhone.ActiveCfg = Debug|Any CPU
		{A2997044-CEFB-4627-A8FC-FF884C47BADA}.Debug|iPhone.Build.0 = Debug|Any CPU
		{A2997044-CEFB-4627-A8FC-FF884C47BADA}.Debug|iPhoneSimulator.ActiveCfg = Debug|Any CPU
		{A2997044-CEFB-4627-A8FC-FF884C47BADA}.Debug|iPhoneSimulator.Build.0 = Debug|Any CPU
		{A2997044-CEFB-4627-A8FC-FF884C47BADA}.Debug|x64.ActiveCfg = Debug|Any CPU
		{A2997044-CEFB-4627-A8FC-FF884C47BADA}.Debug|x64.Build.0 = Debug|Any CPU
		{A2997044-CEFB-4627-A8FC-FF884C47BADA}.Debug|x86.ActiveCfg = Debug|Any CPU
		{A2997044-CEFB-4627-A8FC-FF884C47BADA}.Debug|x86.Build.0 = Debug|Any CPU
		{A2997044-CEFB-4627-A8FC-FF884C47BADA}.Release|Any CPU.ActiveCfg = Release|Any CPU
		{A2997044-CEFB-4627-A8FC-FF884C47BADA}.Release|Any CPU.Build.0 = Release|Any CPU
		{A2997044-CEFB-4627-A8FC-FF884C47BADA}.Release|ARM.ActiveCfg = Release|Any CPU
		{A2997044-CEFB-4627-A8FC-FF884C47BADA}.Release|ARM.Build.0 = Release|Any CPU
		{A2997044-CEFB-4627-A8FC-FF884C47BADA}.Release|iPhone.ActiveCfg = Release|Any CPU
		{A2997044-CEFB-4627-A8FC-FF884C47BADA}.Release|iPhone.Build.0 = Release|Any CPU
		{A2997044-CEFB-4627-A8FC-FF884C47BADA}.Release|iPhoneSimulator.ActiveCfg = Release|Any CPU
		{A2997044-CEFB-4627-A8FC-FF884C47BADA}.Release|iPhoneSimulator.Build.0 = Release|Any CPU
		{A2997044-CEFB-4627-A8FC-FF884C47BADA}.Release|x64.ActiveCfg = Release|Any CPU
		{A2997044-CEFB-4627-A8FC-FF884C47BADA}.Release|x64.Build.0 = Release|Any CPU
		{A2997044-CEFB-4627-A8FC-FF884C47BADA}.Release|x86.ActiveCfg = Release|Any CPU
		{A2997044-CEFB-4627-A8FC-FF884C47BADA}.Release|x86.Build.0 = Release|Any CPU
		{7DBD3459-F733-4B70-B3E1-D37741A5D616}.Ad-Hoc|Any CPU.ActiveCfg = Debug|Any CPU
		{7DBD3459-F733-4B70-B3E1-D37741A5D616}.Ad-Hoc|Any CPU.Build.0 = Debug|Any CPU
		{7DBD3459-F733-4B70-B3E1-D37741A5D616}.Ad-Hoc|ARM.ActiveCfg = Debug|Any CPU
		{7DBD3459-F733-4B70-B3E1-D37741A5D616}.Ad-Hoc|ARM.Build.0 = Debug|Any CPU
		{7DBD3459-F733-4B70-B3E1-D37741A5D616}.Ad-Hoc|iPhone.ActiveCfg = Debug|Any CPU
		{7DBD3459-F733-4B70-B3E1-D37741A5D616}.Ad-Hoc|iPhone.Build.0 = Debug|Any CPU
		{7DBD3459-F733-4B70-B3E1-D37741A5D616}.Ad-Hoc|iPhoneSimulator.ActiveCfg = Debug|Any CPU
		{7DBD3459-F733-4B70-B3E1-D37741A5D616}.Ad-Hoc|iPhoneSimulator.Build.0 = Debug|Any CPU
		{7DBD3459-F733-4B70-B3E1-D37741A5D616}.Ad-Hoc|x64.ActiveCfg = Debug|Any CPU
		{7DBD3459-F733-4B70-B3E1-D37741A5D616}.Ad-Hoc|x64.Build.0 = Debug|Any CPU
		{7DBD3459-F733-4B70-B3E1-D37741A5D616}.Ad-Hoc|x86.ActiveCfg = Debug|Any CPU
		{7DBD3459-F733-4B70-B3E1-D37741A5D616}.Ad-Hoc|x86.Build.0 = Debug|Any CPU
		{7DBD3459-F733-4B70-B3E1-D37741A5D616}.AppStore|Any CPU.ActiveCfg = Debug|Any CPU
		{7DBD3459-F733-4B70-B3E1-D37741A5D616}.AppStore|Any CPU.Build.0 = Debug|Any CPU
		{7DBD3459-F733-4B70-B3E1-D37741A5D616}.AppStore|ARM.ActiveCfg = Debug|Any CPU
		{7DBD3459-F733-4B70-B3E1-D37741A5D616}.AppStore|ARM.Build.0 = Debug|Any CPU
		{7DBD3459-F733-4B70-B3E1-D37741A5D616}.AppStore|iPhone.ActiveCfg = Debug|Any CPU
		{7DBD3459-F733-4B70-B3E1-D37741A5D616}.AppStore|iPhone.Build.0 = Debug|Any CPU
		{7DBD3459-F733-4B70-B3E1-D37741A5D616}.AppStore|iPhoneSimulator.ActiveCfg = Debug|Any CPU
		{7DBD3459-F733-4B70-B3E1-D37741A5D616}.AppStore|iPhoneSimulator.Build.0 = Debug|Any CPU
		{7DBD3459-F733-4B70-B3E1-D37741A5D616}.AppStore|x64.ActiveCfg = Debug|Any CPU
		{7DBD3459-F733-4B70-B3E1-D37741A5D616}.AppStore|x64.Build.0 = Debug|Any CPU
		{7DBD3459-F733-4B70-B3E1-D37741A5D616}.AppStore|x86.ActiveCfg = Debug|Any CPU
		{7DBD3459-F733-4B70-B3E1-D37741A5D616}.AppStore|x86.Build.0 = Debug|Any CPU
		{7DBD3459-F733-4B70-B3E1-D37741A5D616}.Debug|Any CPU.ActiveCfg = Debug|Any CPU
		{7DBD3459-F733-4B70-B3E1-D37741A5D616}.Debug|Any CPU.Build.0 = Debug|Any CPU
		{7DBD3459-F733-4B70-B3E1-D37741A5D616}.Debug|ARM.ActiveCfg = Debug|Any CPU
		{7DBD3459-F733-4B70-B3E1-D37741A5D616}.Debug|ARM.Build.0 = Debug|Any CPU
		{7DBD3459-F733-4B70-B3E1-D37741A5D616}.Debug|iPhone.ActiveCfg = Debug|Any CPU
		{7DBD3459-F733-4B70-B3E1-D37741A5D616}.Debug|iPhone.Build.0 = Debug|Any CPU
		{7DBD3459-F733-4B70-B3E1-D37741A5D616}.Debug|iPhoneSimulator.ActiveCfg = Debug|Any CPU
		{7DBD3459-F733-4B70-B3E1-D37741A5D616}.Debug|iPhoneSimulator.Build.0 = Debug|Any CPU
		{7DBD3459-F733-4B70-B3E1-D37741A5D616}.Debug|x64.ActiveCfg = Debug|Any CPU
		{7DBD3459-F733-4B70-B3E1-D37741A5D616}.Debug|x64.Build.0 = Debug|Any CPU
		{7DBD3459-F733-4B70-B3E1-D37741A5D616}.Debug|x86.ActiveCfg = Debug|Any CPU
		{7DBD3459-F733-4B70-B3E1-D37741A5D616}.Debug|x86.Build.0 = Debug|Any CPU
		{7DBD3459-F733-4B70-B3E1-D37741A5D616}.Release|Any CPU.ActiveCfg = Release|Any CPU
		{7DBD3459-F733-4B70-B3E1-D37741A5D616}.Release|Any CPU.Build.0 = Release|Any CPU
		{7DBD3459-F733-4B70-B3E1-D37741A5D616}.Release|ARM.ActiveCfg = Release|Any CPU
		{7DBD3459-F733-4B70-B3E1-D37741A5D616}.Release|ARM.Build.0 = Release|Any CPU
		{7DBD3459-F733-4B70-B3E1-D37741A5D616}.Release|iPhone.ActiveCfg = Release|Any CPU
		{7DBD3459-F733-4B70-B3E1-D37741A5D616}.Release|iPhone.Build.0 = Release|Any CPU
		{7DBD3459-F733-4B70-B3E1-D37741A5D616}.Release|iPhoneSimulator.ActiveCfg = Release|Any CPU
		{7DBD3459-F733-4B70-B3E1-D37741A5D616}.Release|iPhoneSimulator.Build.0 = Release|Any CPU
		{7DBD3459-F733-4B70-B3E1-D37741A5D616}.Release|x64.ActiveCfg = Release|Any CPU
		{7DBD3459-F733-4B70-B3E1-D37741A5D616}.Release|x64.Build.0 = Release|Any CPU
		{7DBD3459-F733-4B70-B3E1-D37741A5D616}.Release|x86.ActiveCfg = Release|Any CPU
		{7DBD3459-F733-4B70-B3E1-D37741A5D616}.Release|x86.Build.0 = Release|Any CPU
		{7493234A-2EDF-4F47-9292-1A15818063BA}.Ad-Hoc|Any CPU.ActiveCfg = Release|Any CPU
		{7493234A-2EDF-4F47-9292-1A15818063BA}.Ad-Hoc|Any CPU.Build.0 = Release|Any CPU
		{7493234A-2EDF-4F47-9292-1A15818063BA}.Ad-Hoc|Any CPU.Deploy.0 = Release|Any CPU
		{7493234A-2EDF-4F47-9292-1A15818063BA}.Ad-Hoc|ARM.ActiveCfg = Release|Any CPU
		{7493234A-2EDF-4F47-9292-1A15818063BA}.Ad-Hoc|ARM.Build.0 = Release|Any CPU
		{7493234A-2EDF-4F47-9292-1A15818063BA}.Ad-Hoc|ARM.Deploy.0 = Release|Any CPU
		{7493234A-2EDF-4F47-9292-1A15818063BA}.Ad-Hoc|iPhone.ActiveCfg = Release|Any CPU
		{7493234A-2EDF-4F47-9292-1A15818063BA}.Ad-Hoc|iPhone.Build.0 = Release|Any CPU
		{7493234A-2EDF-4F47-9292-1A15818063BA}.Ad-Hoc|iPhone.Deploy.0 = Release|Any CPU
		{7493234A-2EDF-4F47-9292-1A15818063BA}.Ad-Hoc|iPhoneSimulator.ActiveCfg = Release|Any CPU
		{7493234A-2EDF-4F47-9292-1A15818063BA}.Ad-Hoc|iPhoneSimulator.Build.0 = Release|Any CPU
		{7493234A-2EDF-4F47-9292-1A15818063BA}.Ad-Hoc|iPhoneSimulator.Deploy.0 = Release|Any CPU
		{7493234A-2EDF-4F47-9292-1A15818063BA}.Ad-Hoc|x64.ActiveCfg = Release|Any CPU
		{7493234A-2EDF-4F47-9292-1A15818063BA}.Ad-Hoc|x64.Build.0 = Release|Any CPU
		{7493234A-2EDF-4F47-9292-1A15818063BA}.Ad-Hoc|x64.Deploy.0 = Release|Any CPU
		{7493234A-2EDF-4F47-9292-1A15818063BA}.Ad-Hoc|x86.ActiveCfg = Release|Any CPU
		{7493234A-2EDF-4F47-9292-1A15818063BA}.Ad-Hoc|x86.Build.0 = Release|Any CPU
		{7493234A-2EDF-4F47-9292-1A15818063BA}.Ad-Hoc|x86.Deploy.0 = Release|Any CPU
		{7493234A-2EDF-4F47-9292-1A15818063BA}.AppStore|Any CPU.ActiveCfg = Release|Any CPU
		{7493234A-2EDF-4F47-9292-1A15818063BA}.AppStore|Any CPU.Build.0 = Release|Any CPU
		{7493234A-2EDF-4F47-9292-1A15818063BA}.AppStore|Any CPU.Deploy.0 = Release|Any CPU
		{7493234A-2EDF-4F47-9292-1A15818063BA}.AppStore|ARM.ActiveCfg = Release|Any CPU
		{7493234A-2EDF-4F47-9292-1A15818063BA}.AppStore|ARM.Build.0 = Release|Any CPU
		{7493234A-2EDF-4F47-9292-1A15818063BA}.AppStore|ARM.Deploy.0 = Release|Any CPU
		{7493234A-2EDF-4F47-9292-1A15818063BA}.AppStore|iPhone.ActiveCfg = Release|Any CPU
		{7493234A-2EDF-4F47-9292-1A15818063BA}.AppStore|iPhone.Build.0 = Release|Any CPU
		{7493234A-2EDF-4F47-9292-1A15818063BA}.AppStore|iPhone.Deploy.0 = Release|Any CPU
		{7493234A-2EDF-4F47-9292-1A15818063BA}.AppStore|iPhoneSimulator.ActiveCfg = Release|Any CPU
		{7493234A-2EDF-4F47-9292-1A15818063BA}.AppStore|iPhoneSimulator.Build.0 = Release|Any CPU
		{7493234A-2EDF-4F47-9292-1A15818063BA}.AppStore|iPhoneSimulator.Deploy.0 = Release|Any CPU
		{7493234A-2EDF-4F47-9292-1A15818063BA}.AppStore|x64.ActiveCfg = Release|Any CPU
		{7493234A-2EDF-4F47-9292-1A15818063BA}.AppStore|x64.Build.0 = Release|Any CPU
		{7493234A-2EDF-4F47-9292-1A15818063BA}.AppStore|x64.Deploy.0 = Release|Any CPU
		{7493234A-2EDF-4F47-9292-1A15818063BA}.AppStore|x86.ActiveCfg = Release|Any CPU
		{7493234A-2EDF-4F47-9292-1A15818063BA}.AppStore|x86.Build.0 = Release|Any CPU
		{7493234A-2EDF-4F47-9292-1A15818063BA}.AppStore|x86.Deploy.0 = Release|Any CPU
		{7493234A-2EDF-4F47-9292-1A15818063BA}.Debug|Any CPU.ActiveCfg = Debug|Any CPU
		{7493234A-2EDF-4F47-9292-1A15818063BA}.Debug|Any CPU.Build.0 = Debug|Any CPU
		{7493234A-2EDF-4F47-9292-1A15818063BA}.Debug|Any CPU.Deploy.0 = Debug|Any CPU
		{7493234A-2EDF-4F47-9292-1A15818063BA}.Debug|ARM.ActiveCfg = Debug|Any CPU
		{7493234A-2EDF-4F47-9292-1A15818063BA}.Debug|ARM.Build.0 = Debug|Any CPU
		{7493234A-2EDF-4F47-9292-1A15818063BA}.Debug|ARM.Deploy.0 = Debug|Any CPU
		{7493234A-2EDF-4F47-9292-1A15818063BA}.Debug|iPhone.ActiveCfg = Debug|Any CPU
		{7493234A-2EDF-4F47-9292-1A15818063BA}.Debug|iPhone.Build.0 = Debug|Any CPU
		{7493234A-2EDF-4F47-9292-1A15818063BA}.Debug|iPhone.Deploy.0 = Debug|Any CPU
		{7493234A-2EDF-4F47-9292-1A15818063BA}.Debug|iPhoneSimulator.ActiveCfg = Debug|Any CPU
		{7493234A-2EDF-4F47-9292-1A15818063BA}.Debug|iPhoneSimulator.Build.0 = Debug|Any CPU
		{7493234A-2EDF-4F47-9292-1A15818063BA}.Debug|iPhoneSimulator.Deploy.0 = Debug|Any CPU
		{7493234A-2EDF-4F47-9292-1A15818063BA}.Debug|x64.ActiveCfg = Debug|Any CPU
		{7493234A-2EDF-4F47-9292-1A15818063BA}.Debug|x64.Build.0 = Debug|Any CPU
		{7493234A-2EDF-4F47-9292-1A15818063BA}.Debug|x64.Deploy.0 = Debug|Any CPU
		{7493234A-2EDF-4F47-9292-1A15818063BA}.Debug|x86.ActiveCfg = Debug|Any CPU
		{7493234A-2EDF-4F47-9292-1A15818063BA}.Debug|x86.Build.0 = Debug|Any CPU
		{7493234A-2EDF-4F47-9292-1A15818063BA}.Debug|x86.Deploy.0 = Debug|Any CPU
		{7493234A-2EDF-4F47-9292-1A15818063BA}.Release|Any CPU.ActiveCfg = Release|Any CPU
		{7493234A-2EDF-4F47-9292-1A15818063BA}.Release|Any CPU.Build.0 = Release|Any CPU
		{7493234A-2EDF-4F47-9292-1A15818063BA}.Release|Any CPU.Deploy.0 = Release|Any CPU
		{7493234A-2EDF-4F47-9292-1A15818063BA}.Release|ARM.ActiveCfg = Release|Any CPU
		{7493234A-2EDF-4F47-9292-1A15818063BA}.Release|ARM.Build.0 = Release|Any CPU
		{7493234A-2EDF-4F47-9292-1A15818063BA}.Release|ARM.Deploy.0 = Release|Any CPU
		{7493234A-2EDF-4F47-9292-1A15818063BA}.Release|iPhone.ActiveCfg = Release|Any CPU
		{7493234A-2EDF-4F47-9292-1A15818063BA}.Release|iPhone.Build.0 = Release|Any CPU
		{7493234A-2EDF-4F47-9292-1A15818063BA}.Release|iPhone.Deploy.0 = Release|Any CPU
		{7493234A-2EDF-4F47-9292-1A15818063BA}.Release|iPhoneSimulator.ActiveCfg = Release|Any CPU
		{7493234A-2EDF-4F47-9292-1A15818063BA}.Release|iPhoneSimulator.Build.0 = Release|Any CPU
		{7493234A-2EDF-4F47-9292-1A15818063BA}.Release|iPhoneSimulator.Deploy.0 = Release|Any CPU
		{7493234A-2EDF-4F47-9292-1A15818063BA}.Release|x64.ActiveCfg = Release|Any CPU
		{7493234A-2EDF-4F47-9292-1A15818063BA}.Release|x64.Build.0 = Release|Any CPU
		{7493234A-2EDF-4F47-9292-1A15818063BA}.Release|x64.Deploy.0 = Release|Any CPU
		{7493234A-2EDF-4F47-9292-1A15818063BA}.Release|x86.ActiveCfg = Release|Any CPU
		{7493234A-2EDF-4F47-9292-1A15818063BA}.Release|x86.Build.0 = Release|Any CPU
		{7493234A-2EDF-4F47-9292-1A15818063BA}.Release|x86.Deploy.0 = Release|Any CPU
		{96ABF373-EA63-4917-8C34-ED921CB52F24}.Ad-Hoc|Any CPU.ActiveCfg = Ad-Hoc|iPhone
		{96ABF373-EA63-4917-8C34-ED921CB52F24}.Ad-Hoc|ARM.ActiveCfg = Ad-Hoc|iPhone
		{96ABF373-EA63-4917-8C34-ED921CB52F24}.Ad-Hoc|iPhone.ActiveCfg = Ad-Hoc|iPhone
		{96ABF373-EA63-4917-8C34-ED921CB52F24}.Ad-Hoc|iPhone.Build.0 = Ad-Hoc|iPhone
		{96ABF373-EA63-4917-8C34-ED921CB52F24}.Ad-Hoc|iPhoneSimulator.ActiveCfg = Ad-Hoc|iPhoneSimulator
		{96ABF373-EA63-4917-8C34-ED921CB52F24}.Ad-Hoc|iPhoneSimulator.Build.0 = Ad-Hoc|iPhoneSimulator
		{96ABF373-EA63-4917-8C34-ED921CB52F24}.Ad-Hoc|x64.ActiveCfg = Ad-Hoc|iPhone
		{96ABF373-EA63-4917-8C34-ED921CB52F24}.Ad-Hoc|x86.ActiveCfg = Ad-Hoc|iPhone
		{96ABF373-EA63-4917-8C34-ED921CB52F24}.AppStore|Any CPU.ActiveCfg = AppStore|iPhone
		{96ABF373-EA63-4917-8C34-ED921CB52F24}.AppStore|ARM.ActiveCfg = AppStore|iPhone
		{96ABF373-EA63-4917-8C34-ED921CB52F24}.AppStore|iPhone.ActiveCfg = AppStore|iPhone
		{96ABF373-EA63-4917-8C34-ED921CB52F24}.AppStore|iPhone.Build.0 = AppStore|iPhone
		{96ABF373-EA63-4917-8C34-ED921CB52F24}.AppStore|iPhoneSimulator.ActiveCfg = AppStore|iPhoneSimulator
		{96ABF373-EA63-4917-8C34-ED921CB52F24}.AppStore|iPhoneSimulator.Build.0 = AppStore|iPhoneSimulator
		{96ABF373-EA63-4917-8C34-ED921CB52F24}.AppStore|x64.ActiveCfg = AppStore|iPhone
		{96ABF373-EA63-4917-8C34-ED921CB52F24}.AppStore|x86.ActiveCfg = AppStore|iPhone
		{96ABF373-EA63-4917-8C34-ED921CB52F24}.Debug|Any CPU.ActiveCfg = Debug|iPhone
		{96ABF373-EA63-4917-8C34-ED921CB52F24}.Debug|ARM.ActiveCfg = Debug|iPhone
		{96ABF373-EA63-4917-8C34-ED921CB52F24}.Debug|iPhone.ActiveCfg = Debug|iPhone
		{96ABF373-EA63-4917-8C34-ED921CB52F24}.Debug|iPhone.Build.0 = Debug|iPhone
		{96ABF373-EA63-4917-8C34-ED921CB52F24}.Debug|iPhoneSimulator.ActiveCfg = Debug|iPhoneSimulator
		{96ABF373-EA63-4917-8C34-ED921CB52F24}.Debug|iPhoneSimulator.Build.0 = Debug|iPhoneSimulator
		{96ABF373-EA63-4917-8C34-ED921CB52F24}.Debug|x64.ActiveCfg = Debug|iPhone
		{96ABF373-EA63-4917-8C34-ED921CB52F24}.Debug|x86.ActiveCfg = Debug|iPhone
		{96ABF373-EA63-4917-8C34-ED921CB52F24}.Release|Any CPU.ActiveCfg = Release|iPhone
		{96ABF373-EA63-4917-8C34-ED921CB52F24}.Release|ARM.ActiveCfg = Release|iPhone
		{96ABF373-EA63-4917-8C34-ED921CB52F24}.Release|iPhone.ActiveCfg = Release|iPhone
		{96ABF373-EA63-4917-8C34-ED921CB52F24}.Release|iPhone.Build.0 = Release|iPhone
		{96ABF373-EA63-4917-8C34-ED921CB52F24}.Release|iPhoneSimulator.ActiveCfg = Release|iPhoneSimulator
		{96ABF373-EA63-4917-8C34-ED921CB52F24}.Release|iPhoneSimulator.Build.0 = Release|iPhoneSimulator
		{96ABF373-EA63-4917-8C34-ED921CB52F24}.Release|x64.ActiveCfg = Release|iPhone
		{96ABF373-EA63-4917-8C34-ED921CB52F24}.Release|x86.ActiveCfg = Release|iPhone
		{CA784C7C-C9B8-46A1-9096-0A15C56A320B}.Ad-Hoc|Any CPU.ActiveCfg = Release|x86
		{CA784C7C-C9B8-46A1-9096-0A15C56A320B}.Ad-Hoc|Any CPU.Build.0 = Release|x86
		{CA784C7C-C9B8-46A1-9096-0A15C56A320B}.Ad-Hoc|Any CPU.Deploy.0 = Release|x86
		{CA784C7C-C9B8-46A1-9096-0A15C56A320B}.Ad-Hoc|ARM.ActiveCfg = Release|ARM
		{CA784C7C-C9B8-46A1-9096-0A15C56A320B}.Ad-Hoc|ARM.Build.0 = Release|ARM
		{CA784C7C-C9B8-46A1-9096-0A15C56A320B}.Ad-Hoc|ARM.Deploy.0 = Release|ARM
		{CA784C7C-C9B8-46A1-9096-0A15C56A320B}.Ad-Hoc|iPhone.ActiveCfg = Release|x86
		{CA784C7C-C9B8-46A1-9096-0A15C56A320B}.Ad-Hoc|iPhone.Build.0 = Release|x86
		{CA784C7C-C9B8-46A1-9096-0A15C56A320B}.Ad-Hoc|iPhone.Deploy.0 = Release|x86
		{CA784C7C-C9B8-46A1-9096-0A15C56A320B}.Ad-Hoc|iPhoneSimulator.ActiveCfg = Release|x86
		{CA784C7C-C9B8-46A1-9096-0A15C56A320B}.Ad-Hoc|iPhoneSimulator.Build.0 = Release|x86
		{CA784C7C-C9B8-46A1-9096-0A15C56A320B}.Ad-Hoc|iPhoneSimulator.Deploy.0 = Release|x86
		{CA784C7C-C9B8-46A1-9096-0A15C56A320B}.Ad-Hoc|x64.ActiveCfg = Release|x64
		{CA784C7C-C9B8-46A1-9096-0A15C56A320B}.Ad-Hoc|x64.Build.0 = Release|x64
		{CA784C7C-C9B8-46A1-9096-0A15C56A320B}.Ad-Hoc|x64.Deploy.0 = Release|x64
		{CA784C7C-C9B8-46A1-9096-0A15C56A320B}.Ad-Hoc|x86.ActiveCfg = Release|x86
		{CA784C7C-C9B8-46A1-9096-0A15C56A320B}.Ad-Hoc|x86.Build.0 = Release|x86
		{CA784C7C-C9B8-46A1-9096-0A15C56A320B}.Ad-Hoc|x86.Deploy.0 = Release|x86
		{CA784C7C-C9B8-46A1-9096-0A15C56A320B}.AppStore|Any CPU.ActiveCfg = Release|x86
		{CA784C7C-C9B8-46A1-9096-0A15C56A320B}.AppStore|Any CPU.Build.0 = Release|x86
		{CA784C7C-C9B8-46A1-9096-0A15C56A320B}.AppStore|Any CPU.Deploy.0 = Release|x86
		{CA784C7C-C9B8-46A1-9096-0A15C56A320B}.AppStore|ARM.ActiveCfg = Release|ARM
		{CA784C7C-C9B8-46A1-9096-0A15C56A320B}.AppStore|ARM.Build.0 = Release|ARM
		{CA784C7C-C9B8-46A1-9096-0A15C56A320B}.AppStore|ARM.Deploy.0 = Release|ARM
		{CA784C7C-C9B8-46A1-9096-0A15C56A320B}.AppStore|iPhone.ActiveCfg = Release|x86
		{CA784C7C-C9B8-46A1-9096-0A15C56A320B}.AppStore|iPhone.Build.0 = Release|x86
		{CA784C7C-C9B8-46A1-9096-0A15C56A320B}.AppStore|iPhone.Deploy.0 = Release|x86
		{CA784C7C-C9B8-46A1-9096-0A15C56A320B}.AppStore|iPhoneSimulator.ActiveCfg = Release|x86
		{CA784C7C-C9B8-46A1-9096-0A15C56A320B}.AppStore|iPhoneSimulator.Build.0 = Release|x86
		{CA784C7C-C9B8-46A1-9096-0A15C56A320B}.AppStore|iPhoneSimulator.Deploy.0 = Release|x86
		{CA784C7C-C9B8-46A1-9096-0A15C56A320B}.AppStore|x64.ActiveCfg = Release|x64
		{CA784C7C-C9B8-46A1-9096-0A15C56A320B}.AppStore|x64.Build.0 = Release|x64
		{CA784C7C-C9B8-46A1-9096-0A15C56A320B}.AppStore|x64.Deploy.0 = Release|x64
		{CA784C7C-C9B8-46A1-9096-0A15C56A320B}.AppStore|x86.ActiveCfg = Release|x86
		{CA784C7C-C9B8-46A1-9096-0A15C56A320B}.AppStore|x86.Build.0 = Release|x86
		{CA784C7C-C9B8-46A1-9096-0A15C56A320B}.AppStore|x86.Deploy.0 = Release|x86
		{CA784C7C-C9B8-46A1-9096-0A15C56A320B}.Debug|Any CPU.ActiveCfg = Debug|x86
		{CA784C7C-C9B8-46A1-9096-0A15C56A320B}.Debug|ARM.ActiveCfg = Debug|ARM
		{CA784C7C-C9B8-46A1-9096-0A15C56A320B}.Debug|ARM.Build.0 = Debug|ARM
		{CA784C7C-C9B8-46A1-9096-0A15C56A320B}.Debug|ARM.Deploy.0 = Debug|ARM
		{CA784C7C-C9B8-46A1-9096-0A15C56A320B}.Debug|iPhone.ActiveCfg = Debug|x86
		{CA784C7C-C9B8-46A1-9096-0A15C56A320B}.Debug|iPhoneSimulator.ActiveCfg = Debug|x86
		{CA784C7C-C9B8-46A1-9096-0A15C56A320B}.Debug|x64.ActiveCfg = Debug|x64
		{CA784C7C-C9B8-46A1-9096-0A15C56A320B}.Debug|x64.Build.0 = Debug|x64
		{CA784C7C-C9B8-46A1-9096-0A15C56A320B}.Debug|x64.Deploy.0 = Debug|x64
		{CA784C7C-C9B8-46A1-9096-0A15C56A320B}.Debug|x86.ActiveCfg = Debug|x86
		{CA784C7C-C9B8-46A1-9096-0A15C56A320B}.Debug|x86.Build.0 = Debug|x86
		{CA784C7C-C9B8-46A1-9096-0A15C56A320B}.Debug|x86.Deploy.0 = Debug|x86
		{CA784C7C-C9B8-46A1-9096-0A15C56A320B}.Release|Any CPU.ActiveCfg = Release|x86
		{CA784C7C-C9B8-46A1-9096-0A15C56A320B}.Release|ARM.ActiveCfg = Release|ARM
		{CA784C7C-C9B8-46A1-9096-0A15C56A320B}.Release|ARM.Build.0 = Release|ARM
		{CA784C7C-C9B8-46A1-9096-0A15C56A320B}.Release|ARM.Deploy.0 = Release|ARM
		{CA784C7C-C9B8-46A1-9096-0A15C56A320B}.Release|iPhone.ActiveCfg = Release|x86
		{CA784C7C-C9B8-46A1-9096-0A15C56A320B}.Release|iPhoneSimulator.ActiveCfg = Release|x86
		{CA784C7C-C9B8-46A1-9096-0A15C56A320B}.Release|x64.ActiveCfg = Release|x64
		{CA784C7C-C9B8-46A1-9096-0A15C56A320B}.Release|x64.Build.0 = Release|x64
		{CA784C7C-C9B8-46A1-9096-0A15C56A320B}.Release|x64.Deploy.0 = Release|x64
		{CA784C7C-C9B8-46A1-9096-0A15C56A320B}.Release|x86.ActiveCfg = Release|x86
		{CA784C7C-C9B8-46A1-9096-0A15C56A320B}.Release|x86.Build.0 = Release|x86
		{CA784C7C-C9B8-46A1-9096-0A15C56A320B}.Release|x86.Deploy.0 = Release|x86
	EndGlobalSection
	GlobalSection(SolutionProperties) = preSolution
		HideSolutionNode = FALSE
	EndGlobalSection
	GlobalSection(ExtensibilityGlobals) = postSolution
		SolutionGuid = {12F5DB67-C57E-40E2-9FC7-D846E946DA61}
	EndGlobalSection
EndGlobal
